<?xml version="1.0" encoding="utf-8"?>
<Project ToolsVersion="4.0" xmlns="http://schemas.microsoft.com/developer/msbuild/2003">
  <ItemGroup>
    <Filter Include="Components">
      <UniqueIdentifier>{3b1e1298-6374-4764-b5d5-c4d1c515a9e1}</UniqueIdentifier>
    </Filter>
    <Filter Include="Observers">
      <UniqueIdentifier>{23a31bb5-d744-4dcd-84cd-6a1a93cd0362}</UniqueIdentifier>
    </Filter>
    <Filter Include="Commands">
      <UniqueIdentifier>{a499fd54-c763-432f-ad44-5dda8781e75c}</UniqueIdentifier>
    </Filter>
    <Filter Include="Game Files">
      <UniqueIdentifier>{4FC737F1-C7A5-4376-A066-2A32D752A2FF}</UniqueIdentifier>
      <Extensions>cpp;c;cc;cxx;c++;cppm;ixx;def;odl;idl;hpj;bat;asm;asmx</Extensions>
    </Filter>
  </ItemGroup>
  <ItemGroup>
    <ClCompile Include="main.cpp">
      <Filter>Game Files</Filter>
    </ClCompile>
    <ClCompile Include="PlayerComponent.cpp">
      <Filter>Components</Filter>
    </ClCompile>
    <ClCompile Include="TilemapComponent.cpp">
      <Filter>Components</Filter>
    </ClCompile>
    <ClCompile Include="PlayerPointsObserver.cpp">
      <Filter>Observers</Filter>
    </ClCompile>
    <ClCompile Include="PlayerLivesObserver.cpp">
      <Filter>Observers</Filter>
    </ClCompile>
    <ClCompile Include="PlayerStates.cpp">
      <Filter>Game Files</Filter>
    </ClCompile>
  </ItemGroup>
  <ItemGroup>
    <ClInclude Include="GameCommands.h">
      <Filter>Commands</Filter>
    </ClInclude>
    <ClInclude Include="HealthComponent.h">
      <Filter>Components</Filter>
    </ClInclude>
    <ClInclude Include="PlayerComponent.h">
      <Filter>Components</Filter>
    </ClInclude>
    <ClInclude Include="PlayerPointsComponent.h">
      <Filter>Components</Filter>
    </ClInclude>
    <ClInclude Include="PlayerLivesObserver.h">
      <Filter>Observers</Filter>
    </ClInclude>
    <ClInclude Include="PlayerPointsObserver.h">
      <Filter>Observers</Filter>
    </ClInclude>
    <ClInclude Include="PlayerMovementComponent.h">
      <Filter>Components</Filter>
    </ClInclude>
    <ClInclude Include="TilemapComponent.h">
      <Filter>Components</Filter>
    </ClInclude>
    <ClInclude Include="BehaviorState.h">
      <Filter>Game Files</Filter>
    </ClInclude>
    <ClInclude Include="Tile.h">
      <Filter>Game Files</Filter>
    </ClInclude>
    <ClInclude Include="BehaviorStateMachine.h" />
    <ClInclude Include="PlayerStates.h">
      <Filter>Game Files</Filter>
    </ClInclude>
  </ItemGroup>
</Project>